
Microsoft Visual Studio Solution File, Format Version 12.00
# Visual Studio 15
VisualStudioVersion = 15.0.26730.15
MinimumVisualStudioVersion = 10.0.40219.1
Project("{FAE04EC0-301F-11D3-BF4B-00C04F79EFBC}") = "QuestEditor", "QuestEditor\QuestEditor.csproj", "{3B031671-8757-448B-A457-8C8EA99732D6}"
EndProject
Global
	GlobalSection(SolutionConfigurationPlatforms) = preSolution
		Debug|Any CPU = Debug|Any CPU
		Release|Any CPU = Release|Any CPU
	EndGlobalSection
	GlobalSection(ProjectConfigurationPlatforms) = postSolution
		{3B031671-8757-448B-A457-8C8EA99732D6}.Debug|Any CPU.ActiveCfg = Debug|Any CPU
		{3B031671-8757-448B-A457-8C8EA99732D6}.Debug|Any CPU.Build.0 = Debug|Any CPU
		{3B031671-8757-448B-A457-8C8EA99732D6}.Release|Any CPU.ActiveCfg = Release|Any CPU
		{3B031671-8757-448B-A457-8C8EA99732D6}.Release|Any CPU.Build.0 = Release|Any CPU
	EndGlobalSection
	GlobalSection(SolutionProperties) = preSolution
		HideSolutionNode = FALSE
	EndGlobalSection
	GlobalSection(ExtensibilityGlobals) = postSolution
		SolutionGuid = {4FD36A3C-2926-430E-86DA-1EBB64C0CF9C}
	EndGlobalSection
EndGlobal
